
Microsoft Visual Studio Solution File, Format Version 12.00
# Visual Studio Version 17
VisualStudioVersion = 17.5.33627.172
MinimumVisualStudioVersion = 10.0.40219.1
Project("{FAE04EC0-301F-11D3-BF4B-00C04F79EFBC}") = "Workhelper", "Workhelper\Workhelper.csproj", "{06808E99-57D6-4967-99B0-56C7946317CE}"
EndProject
Global
	GlobalSection(SolutionConfigurationPlatforms) = preSolution
		Debug|Any CPU = Debug|Any CPU
		Release|Any CPU = Release|Any CPU
	EndGlobalSection
	GlobalSection(ProjectConfigurationPlatforms) = postSolution
		{06808E99-57D6-4967-99B0-56C7946317CE}.Debug|Any CPU.ActiveCfg = Debug|Any CPU
		{06808E99-57D6-4967-99B0-56C7946317CE}.Debug|Any CPU.Build.0 = Debug|Any CPU
		{06808E99-57D6-4967-99B0-56C7946317CE}.Release|Any CPU.ActiveCfg = Release|Any CPU
		{06808E99-57D6-4967-99B0-56C7946317CE}.Release|Any CPU.Build.0 = Release|Any CPU
	EndGlobalSection
	GlobalSection(SolutionProperties) = preSolution
		HideSolutionNode = FALSE
	EndGlobalSection
	GlobalSection(ExtensibilityGlobals) = postSolution
		SolutionGuid = {9A7596A1-41FD-4573-86BA-491FDEBB8B9E}
	EndGlobalSection
EndGlobal
